
Microsoft Visual Studio Solution File, Format Version 12.00
# Visual Studio Version 16
VisualStudioVersion = 16.0.29709.97
MinimumVisualStudioVersion = 10.0.40219.1
Project("{FAE04EC0-301F-11D3-BF4B-00C04F79EFBC}") = "Chatik", "Chatik\Chatik.csproj", "{22580633-B624-4420-9B7A-E94F98637205}"
EndProject
Global
	GlobalSection(SolutionConfigurationPlatforms) = preSolution
		Debug|Any CPU = Debug|Any CPU
		Release|Any CPU = Release|Any CPU
	EndGlobalSection
	GlobalSection(ProjectConfigurationPlatforms) = postSolution
		{22580633-B624-4420-9B7A-E94F98637205}.Debug|Any CPU.ActiveCfg = Debug|Any CPU
		{22580633-B624-4420-9B7A-E94F98637205}.Debug|Any CPU.Build.0 = Debug|Any CPU
		{22580633-B624-4420-9B7A-E94F98637205}.Release|Any CPU.ActiveCfg = Release|Any CPU
		{22580633-B624-4420-9B7A-E94F98637205}.Release|Any CPU.Build.0 = Release|Any CPU
	EndGlobalSection
	GlobalSection(SolutionProperties) = preSolution
		HideSolutionNode = FALSE
	EndGlobalSection
	GlobalSection(ExtensibilityGlobals) = postSolution
		SolutionGuid = {2064C811-C450-4B69-B63C-0B292C49128F}
	EndGlobalSection
EndGlobal
