
Microsoft Visual Studio Solution File, Format Version 12.00
# Visual Studio Version 16
VisualStudioVersion = 16.0.29709.97
MinimumVisualStudioVersion = 10.0.40219.1
Project("{FAE04EC0-301F-11D3-BF4B-00C04F79EFBC}") = "Chatik_2", "Chatik_2\Chatik_2.csproj", "{D9287E5B-5671-4C52-88A2-6C5494A5AAA6}"
EndProject
Global
	GlobalSection(SolutionConfigurationPlatforms) = preSolution
		Debug|Any CPU = Debug|Any CPU
		Release|Any CPU = Release|Any CPU
	EndGlobalSection
	GlobalSection(ProjectConfigurationPlatforms) = postSolution
		{D9287E5B-5671-4C52-88A2-6C5494A5AAA6}.Debug|Any CPU.ActiveCfg = Debug|Any CPU
		{D9287E5B-5671-4C52-88A2-6C5494A5AAA6}.Debug|Any CPU.Build.0 = Debug|Any CPU
		{D9287E5B-5671-4C52-88A2-6C5494A5AAA6}.Release|Any CPU.ActiveCfg = Release|Any CPU
		{D9287E5B-5671-4C52-88A2-6C5494A5AAA6}.Release|Any CPU.Build.0 = Release|Any CPU
	EndGlobalSection
	GlobalSection(SolutionProperties) = preSolution
		HideSolutionNode = FALSE
	EndGlobalSection
	GlobalSection(ExtensibilityGlobals) = postSolution
		SolutionGuid = {B8B5723C-F574-4283-AC55-366575FDD282}
	EndGlobalSection
EndGlobal
