
Microsoft Visual Studio Solution File, Format Version 12.00
# Visual Studio Version 16
VisualStudioVersion = 16.0.31829.152
MinimumVisualStudioVersion = 10.0.40219.1
Project("{FAE04EC0-301F-11D3-BF4B-00C04F79EFBC}") = "NetworkChat", "NetworkChat.csproj", "{77D142AC-6BFF-4ACD-8A47-FF3552260814}"
EndProject
Global
	GlobalSection(SolutionConfigurationPlatforms) = preSolution
		Debug|Any CPU = Debug|Any CPU
		Release|Any CPU = Release|Any CPU
	EndGlobalSection
	GlobalSection(ProjectConfigurationPlatforms) = postSolution
		{77D142AC-6BFF-4ACD-8A47-FF3552260814}.Debug|Any CPU.ActiveCfg = Debug|Any CPU
		{77D142AC-6BFF-4ACD-8A47-FF3552260814}.Debug|Any CPU.Build.0 = Debug|Any CPU
		{77D142AC-6BFF-4ACD-8A47-FF3552260814}.Release|Any CPU.ActiveCfg = Release|Any CPU
		{77D142AC-6BFF-4ACD-8A47-FF3552260814}.Release|Any CPU.Build.0 = Release|Any CPU
	EndGlobalSection
	GlobalSection(SolutionProperties) = preSolution
		HideSolutionNode = FALSE
	EndGlobalSection
	GlobalSection(ExtensibilityGlobals) = postSolution
		SolutionGuid = {45B4AD9A-9871-4A4E-BB13-7D5D17421465}
	EndGlobalSection
EndGlobal
